
Microsoft Visual Studio Solution File, Format Version 12.00
# Visual Studio Version 18
VisualStudioVersion = 18.2.11430.68 d18.0
MinimumVisualStudioVersion = 10.0.40219.1
Project("{D954291E-2A0B-460D-934E-DC6B0785DB48}") = "MultiMergeShared", "MultiMergeShared\MultiMergeShared.shproj", "{3A61DB71-DE2D-434C-B914-C61DAEBB3C0E}"
EndProject
Project("{FAE04EC0-301F-11D3-BF4B-00C04F79EFBC}") = "MultiMerge.2019", "MultiMerge.2019\MultiMerge.2019.csproj", "{CCFDEA6D-5765-417A-B303-BC63A2EFD0A1}"
EndProject
Project("{2150E333-8FDC-42A3-9474-1A3956D46DE8}") = "solution items", "solution items", "{32AB93D9-3437-4142-B802-BE0EDA396720}"
	ProjectSection(SolutionItems) = preProject
		.gitignore = .gitignore
		LICENSE = LICENSE
		README.md = README.md
	EndProjectSection
EndProject
Project("{FAE04EC0-301F-11D3-BF4B-00C04F79EFBC}") = "MultiMerge.2022", "MultiMerge.2022\MultiMerge.2022.csproj", "{B57D24A3-DADB-4472-BED4-F7E8D60496BE}"
EndProject
Project("{FAE04EC0-301F-11D3-BF4B-00C04F79EFBC}") = "MultiMerge.2026", "MultiMerge.2026\MultiMerge.2026.csproj", "{A91C4F88-2E6D-4B1A-9C0F-8D7E6F5A4B3C}"
EndProject
Global
	GlobalSection(SolutionConfigurationPlatforms) = preSolution
		Debug|Any CPU = Debug|Any CPU
		Debug|x86 = Debug|x86
		Release|Any CPU = Release|Any CPU
		Release|x86 = Release|x86
	EndGlobalSection
	GlobalSection(ProjectConfigurationPlatforms) = postSolution
		{CCFDEA6D-5765-417A-B303-BC63A2EFD0A1}.Debug|Any CPU.ActiveCfg = Debug|Any CPU
		{CCFDEA6D-5765-417A-B303-BC63A2EFD0A1}.Debug|Any CPU.Build.0 = Debug|Any CPU
		{CCFDEA6D-5765-417A-B303-BC63A2EFD0A1}.Debug|x86.ActiveCfg = Debug|Any CPU
		{CCFDEA6D-5765-417A-B303-BC63A2EFD0A1}.Debug|x86.Build.0 = Debug|Any CPU
		{CCFDEA6D-5765-417A-B303-BC63A2EFD0A1}.Release|Any CPU.ActiveCfg = Release|Any CPU
		{CCFDEA6D-5765-417A-B303-BC63A2EFD0A1}.Release|Any CPU.Build.0 = Release|Any CPU
		{CCFDEA6D-5765-417A-B303-BC63A2EFD0A1}.Release|x86.ActiveCfg = Release|Any CPU
		{CCFDEA6D-5765-417A-B303-BC63A2EFD0A1}.Release|x86.Build.0 = Release|Any CPU
		{B57D24A3-DADB-4472-BED4-F7E8D60496BE}.Debug|Any CPU.ActiveCfg = Debug|Any CPU
		{B57D24A3-DADB-4472-BED4-F7E8D60496BE}.Debug|Any CPU.Build.0 = Debug|Any CPU
		{B57D24A3-DADB-4472-BED4-F7E8D60496BE}.Debug|x86.ActiveCfg = Debug|x86
		{B57D24A3-DADB-4472-BED4-F7E8D60496BE}.Debug|x86.Build.0 = Debug|x86
		{B57D24A3-DADB-4472-BED4-F7E8D60496BE}.Release|Any CPU.ActiveCfg = Release|Any CPU
		{B57D24A3-DADB-4472-BED4-F7E8D60496BE}.Release|Any CPU.Build.0 = Release|Any CPU
		{B57D24A3-DADB-4472-BED4-F7E8D60496BE}.Release|x86.ActiveCfg = Release|x86
		{B57D24A3-DADB-4472-BED4-F7E8D60496BE}.Release|x86.Build.0 = Release|x86
		{A91C4F88-2E6D-4B1A-9C0F-8D7E6F5A4B3C}.Debug|Any CPU.ActiveCfg = Debug|Any CPU
		{A91C4F88-2E6D-4B1A-9C0F-8D7E6F5A4B3C}.Debug|Any CPU.Build.0 = Debug|Any CPU
		{A91C4F88-2E6D-4B1A-9C0F-8D7E6F5A4B3C}.Debug|x86.ActiveCfg = Debug|x86
		{A91C4F88-2E6D-4B1A-9C0F-8D7E6F5A4B3C}.Debug|x86.Build.0 = Debug|x86
		{A91C4F88-2E6D-4B1A-9C0F-8D7E6F5A4B3C}.Release|Any CPU.ActiveCfg = Release|Any CPU
		{A91C4F88-2E6D-4B1A-9C0F-8D7E6F5A4B3C}.Release|Any CPU.Build.0 = Release|Any CPU
		{A91C4F88-2E6D-4B1A-9C0F-8D7E6F5A4B3C}.Release|x86.ActiveCfg = Release|x86
		{A91C4F88-2E6D-4B1A-9C0F-8D7E6F5A4B3C}.Release|x86.Build.0 = Release|x86
	EndGlobalSection
	GlobalSection(SolutionProperties) = preSolution
		HideSolutionNode = FALSE
	EndGlobalSection
	GlobalSection(ExtensibilityGlobals) = postSolution
		SolutionGuid = {0851386F-84E0-4278-AB2E-47A64A04022D}
	EndGlobalSection
	GlobalSection(SharedMSBuildProjectFiles) = preSolution
		MultiMergeShared\MultiMergeShared.projitems*{3a61db71-de2d-434c-b914-c61daebb3c0e}*SharedItemsImports = 13
		MultiMergeShared\MultiMergeShared.projitems*{a91c4f88-2e6d-4b1a-9c0f-8d7e6f5a4b3c}*SharedItemsImports = 4
		MultiMergeShared\MultiMergeShared.projitems*{b57d24a3-dadb-4472-bed4-f7e8d60496be}*SharedItemsImports = 4
		MultiMergeShared\MultiMergeShared.projitems*{ccfdea6d-5765-417a-b303-bc63a2efd0a1}*SharedItemsImports = 4
	EndGlobalSection
EndGlobal
